
Microsoft Visual Studio Solution File, Format Version 12.00
# Visual Studio Version 17
VisualStudioVersion = 17.7.34302.85
MinimumVisualStudioVersion = 10.0.40219.1
Project("{9A19103F-16F7-4668-BE54-9A1E7A4F7556}") = "MirageQueue", "MirageQueue\MirageQueue.csproj", "{C26BD9F3-9B44-4BD1-941F-325EB3E87669}"
EndProject
Project("{FAE04EC0-301F-11D3-BF4B-00C04F79EFBC}") = "MirageQueue.Postgres", "MirageQueue.Postgres\MirageQueue.Postgres.csproj", "{30B5A500-5089-4925-A74F-B5F6AF69F47F}"
EndProject
Project("{FAE04EC0-301F-11D3-BF4B-00C04F79EFBC}") = "MirageQueue.Tests", "MirageQueue.Tests\MirageQueue.Tests.csproj", "{4AB3CCD3-6A98-477D-9A3E-EB4FA7C3519A}"
EndProject
Project("{2150E333-8FDC-42A3-9474-1A3956D46DE8}") = "Tests", "Tests", "{7DCAA977-4662-4A76-ADC0-B28FDCF51BAE}"
EndProject
Project("{FAE04EC0-301F-11D3-BF4B-00C04F79EFBC}") = "ExampleApi", "examples\Api\ExampleApi\ExampleApi.csproj", "{06972911-C6F1-4F4E-8F2C-8524DF835BB7}"
EndProject
Project("{2150E333-8FDC-42A3-9474-1A3956D46DE8}") = "Examples", "Examples", "{D7CC27A4-A87E-41D7-88A8-750A0AA77106}"
EndProject
Project("{2150E333-8FDC-42A3-9474-1A3956D46DE8}") = "0.SolutionItems", "0.SolutionItems", "{AA8A80EE-6B8B-4824-9B77-D49749B100C7}"
	ProjectSection(SolutionItems) = preProject
		..\.github\workflows\publish_base_package.yml = ..\.github\workflows\publish_base_package.yml
		..\.github\workflows\pr_build_test.yml = ..\.github\workflows\pr_build_test.yml
		..\.github\workflows\publish_nuget_pkg.yml = ..\.github\workflows\publish_nuget_pkg.yml
		..\.github\workflows\publish_postgres_package.yml = ..\.github\workflows\publish_postgres_package.yml
		..\.github\dependabot.yml = ..\.github\dependabot.yml
		..\README.md = ..\README.md
	EndProjectSection
EndProject
Global
	GlobalSection(SolutionConfigurationPlatforms) = preSolution
		Debug|Any CPU = Debug|Any CPU
		Release|Any CPU = Release|Any CPU
	EndGlobalSection
	GlobalSection(ProjectConfigurationPlatforms) = postSolution
		{C26BD9F3-9B44-4BD1-941F-325EB3E87669}.Debug|Any CPU.ActiveCfg = Debug|Any CPU
		{C26BD9F3-9B44-4BD1-941F-325EB3E87669}.Debug|Any CPU.Build.0 = Debug|Any CPU
		{C26BD9F3-9B44-4BD1-941F-325EB3E87669}.Release|Any CPU.ActiveCfg = Release|Any CPU
		{C26BD9F3-9B44-4BD1-941F-325EB3E87669}.Release|Any CPU.Build.0 = Release|Any CPU
		{30B5A500-5089-4925-A74F-B5F6AF69F47F}.Debug|Any CPU.ActiveCfg = Debug|Any CPU
		{30B5A500-5089-4925-A74F-B5F6AF69F47F}.Debug|Any CPU.Build.0 = Debug|Any CPU
		{30B5A500-5089-4925-A74F-B5F6AF69F47F}.Release|Any CPU.ActiveCfg = Release|Any CPU
		{30B5A500-5089-4925-A74F-B5F6AF69F47F}.Release|Any CPU.Build.0 = Release|Any CPU
		{4AB3CCD3-6A98-477D-9A3E-EB4FA7C3519A}.Debug|Any CPU.ActiveCfg = Debug|Any CPU
		{4AB3CCD3-6A98-477D-9A3E-EB4FA7C3519A}.Debug|Any CPU.Build.0 = Debug|Any CPU
		{4AB3CCD3-6A98-477D-9A3E-EB4FA7C3519A}.Release|Any CPU.ActiveCfg = Release|Any CPU
		{4AB3CCD3-6A98-477D-9A3E-EB4FA7C3519A}.Release|Any CPU.Build.0 = Release|Any CPU
		{06972911-C6F1-4F4E-8F2C-8524DF835BB7}.Debug|Any CPU.ActiveCfg = Debug|Any CPU
		{06972911-C6F1-4F4E-8F2C-8524DF835BB7}.Debug|Any CPU.Build.0 = Debug|Any CPU
		{06972911-C6F1-4F4E-8F2C-8524DF835BB7}.Release|Any CPU.ActiveCfg = Release|Any CPU
		{06972911-C6F1-4F4E-8F2C-8524DF835BB7}.Release|Any CPU.Build.0 = Release|Any CPU
	EndGlobalSection
	GlobalSection(SolutionProperties) = preSolution
		HideSolutionNode = FALSE
	EndGlobalSection
	GlobalSection(NestedProjects) = preSolution
		{4AB3CCD3-6A98-477D-9A3E-EB4FA7C3519A} = {7DCAA977-4662-4A76-ADC0-B28FDCF51BAE}
		{06972911-C6F1-4F4E-8F2C-8524DF835BB7} = {D7CC27A4-A87E-41D7-88A8-750A0AA77106}
	EndGlobalSection
EndGlobal
